
Microsoft Visual Studio Solution File, Format Version 12.00
# Visual Studio 15
VisualStudioVersion = 15.0.26730.15
MinimumVisualStudioVersion = 10.0.40219.1
Project("{FAE04EC0-301F-11D3-BF4B-00C04F79EFBC}") = "Formulario.Android", "Formulario\Formulario.Android\Formulario.Android.csproj", "{ABB195D1-9588-4DDA-B4D6-FF3729011542}"
EndProject
Project("{FAE04EC0-301F-11D3-BF4B-00C04F79EFBC}") = "Formulario", "Formulario\Formulario\Formulario.csproj", "{DA544FE3-B3B4-4F6F-AD29-D17F7CFE4E4E}"
EndProject
Project("{FAE04EC0-301F-11D3-BF4B-00C04F79EFBC}") = "Formulario.UWP", "Formulario\Formulario.UWP\Formulario.UWP.csproj", "{8ACD172B-C7C9-44DB-BF5E-F43C578FCB5B}"
EndProject
Project("{FAE04EC0-301F-11D3-BF4B-00C04F79EFBC}") = "Formulario.iOS", "Formulario\Formulario.iOS\Formulario.iOS.csproj", "{F5197087-1DB5-4751-A6A7-2750041B4FE7}"
EndProject
Global
	GlobalSection(SolutionConfigurationPlatforms) = preSolution
		Ad-Hoc|Any CPU = Ad-Hoc|Any CPU
		Ad-Hoc|ARM = Ad-Hoc|ARM
		Ad-Hoc|iPhone = Ad-Hoc|iPhone
		Ad-Hoc|iPhoneSimulator = Ad-Hoc|iPhoneSimulator
		Ad-Hoc|x64 = Ad-Hoc|x64
		Ad-Hoc|x86 = Ad-Hoc|x86
		AppStore|Any CPU = AppStore|Any CPU
		AppStore|ARM = AppStore|ARM
		AppStore|iPhone = AppStore|iPhone
		AppStore|iPhoneSimulator = AppStore|iPhoneSimulator
		AppStore|x64 = AppStore|x64
		AppStore|x86 = AppStore|x86
		Debug|Any CPU = Debug|Any CPU
		Debug|ARM = Debug|ARM
		Debug|iPhone = Debug|iPhone
		Debug|iPhoneSimulator = Debug|iPhoneSimulator
		Debug|x64 = Debug|x64
		Debug|x86 = Debug|x86
		Release|Any CPU = Release|Any CPU
		Release|ARM = Release|ARM
		Release|iPhone = Release|iPhone
		Release|iPhoneSimulator = Release|iPhoneSimulator
		Release|x64 = Release|x64
		Release|x86 = Release|x86
	EndGlobalSection
	GlobalSection(ProjectConfigurationPlatforms) = postSolution
		{ABB195D1-9588-4DDA-B4D6-FF3729011542}.Ad-Hoc|Any CPU.ActiveCfg = Release|Any CPU
		{ABB195D1-9588-4DDA-B4D6-FF3729011542}.Ad-Hoc|Any CPU.Build.0 = Release|Any CPU
		{ABB195D1-9588-4DDA-B4D6-FF3729011542}.Ad-Hoc|Any CPU.Deploy.0 = Release|Any CPU
		{ABB195D1-9588-4DDA-B4D6-FF3729011542}.Ad-Hoc|ARM.ActiveCfg = Release|Any CPU
		{ABB195D1-9588-4DDA-B4D6-FF3729011542}.Ad-Hoc|ARM.Build.0 = Release|Any CPU
		{ABB195D1-9588-4DDA-B4D6-FF3729011542}.Ad-Hoc|ARM.Deploy.0 = Release|Any CPU
		{ABB195D1-9588-4DDA-B4D6-FF3729011542}.Ad-Hoc|iPhone.ActiveCfg = Release|Any CPU
		{ABB195D1-9588-4DDA-B4D6-FF3729011542}.Ad-Hoc|iPhone.Build.0 = Release|Any CPU
		{ABB195D1-9588-4DDA-B4D6-FF3729011542}.Ad-Hoc|iPhone.Deploy.0 = Release|Any CPU
		{ABB195D1-9588-4DDA-B4D6-FF3729011542}.Ad-Hoc|iPhoneSimulator.ActiveCfg = Release|Any CPU
		{ABB195D1-9588-4DDA-B4D6-FF3729011542}.Ad-Hoc|iPhoneSimulator.Build.0 = Release|Any CPU
		{ABB195D1-9588-4DDA-B4D6-FF3729011542}.Ad-Hoc|iPhoneSimulator.Deploy.0 = Release|Any CPU
		{ABB195D1-9588-4DDA-B4D6-FF3729011542}.Ad-Hoc|x64.ActiveCfg = Release|Any CPU
		{ABB195D1-9588-4DDA-B4D6-FF3729011542}.Ad-Hoc|x64.Build.0 = Release|Any CPU
		{ABB195D1-9588-4DDA-B4D6-FF3729011542}.Ad-Hoc|x64.Deploy.0 = Release|Any CPU
		{ABB195D1-9588-4DDA-B4D6-FF3729011542}.Ad-Hoc|x86.ActiveCfg = Release|Any CPU
		{ABB195D1-9588-4DDA-B4D6-FF3729011542}.Ad-Hoc|x86.Build.0 = Release|Any CPU
		{ABB195D1-9588-4DDA-B4D6-FF3729011542}.Ad-Hoc|x86.Deploy.0 = Release|Any CPU
		{ABB195D1-9588-4DDA-B4D6-FF3729011542}.AppStore|Any CPU.ActiveCfg = Release|Any CPU
		{ABB195D1-9588-4DDA-B4D6-FF3729011542}.AppStore|Any CPU.Build.0 = Release|Any CPU
		{ABB195D1-9588-4DDA-B4D6-FF3729011542}.AppStore|Any CPU.Deploy.0 = Release|Any CPU
		{ABB195D1-9588-4DDA-B4D6-FF3729011542}.AppStore|ARM.ActiveCfg = Release|Any CPU
		{ABB195D1-9588-4DDA-B4D6-FF3729011542}.AppStore|ARM.Build.0 = Release|Any CPU
		{ABB195D1-9588-4DDA-B4D6-FF3729011542}.AppStore|ARM.Deploy.0 = Release|Any CPU
		{ABB195D1-9588-4DDA-B4D6-FF3729011542}.AppStore|iPhone.ActiveCfg = Release|Any CPU
		{ABB195D1-9588-4DDA-B4D6-FF3729011542}.AppStore|iPhone.Build.0 = Release|Any CPU
		{ABB195D1-9588-4DDA-B4D6-FF3729011542}.AppStore|iPhone.Deploy.0 = Release|Any CPU
		{ABB195D1-9588-4DDA-B4D6-FF3729011542}.AppStore|iPhoneSimulator.ActiveCfg = Release|Any CPU
		{ABB195D1-9588-4DDA-B4D6-FF3729011542}.AppStore|iPhoneSimulator.Build.0 = Release|Any CPU
		{ABB195D1-9588-4DDA-B4D6-FF3729011542}.AppStore|iPhoneSimulator.Deploy.0 = Release|Any CPU
		{ABB195D1-9588-4DDA-B4D6-FF3729011542}.AppStore|x64.ActiveCfg = Release|Any CPU
		{ABB195D1-9588-4DDA-B4D6-FF3729011542}.AppStore|x64.Build.0 = Release|Any CPU
		{ABB195D1-9588-4DDA-B4D6-FF3729011542}.AppStore|x64.Deploy.0 = Release|Any CPU
		{ABB195D1-9588-4DDA-B4D6-FF3729011542}.AppStore|x86.ActiveCfg = Release|Any CPU
		{ABB195D1-9588-4DDA-B4D6-FF3729011542}.AppStore|x86.Build.0 = Release|Any CPU
		{ABB195D1-9588-4DDA-B4D6-FF3729011542}.AppStore|x86.Deploy.0 = Release|Any CPU
		{ABB195D1-9588-4DDA-B4D6-FF3729011542}.Debug|Any CPU.ActiveCfg = Debug|Any CPU
		{ABB195D1-9588-4DDA-B4D6-FF3729011542}.Debug|Any CPU.Build.0 = Debug|Any CPU
		{ABB195D1-9588-4DDA-B4D6-FF3729011542}.Debug|Any CPU.Deploy.0 = Debug|Any CPU
		{ABB195D1-9588-4DDA-B4D6-FF3729011542}.Debug|ARM.ActiveCfg = Debug|Any CPU
		{ABB195D1-9588-4DDA-B4D6-FF3729011542}.Debug|ARM.Build.0 = Debug|Any CPU
		{ABB195D1-9588-4DDA-B4D6-FF3729011542}.Debug|ARM.Deploy.0 = Debug|Any CPU
		{ABB195D1-9588-4DDA-B4D6-FF3729011542}.Debug|iPhone.ActiveCfg = Debug|Any CPU
		{ABB195D1-9588-4DDA-B4D6-FF3729011542}.Debug|iPhone.Build.0 = Debug|Any CPU
		{ABB195D1-9588-4DDA-B4D6-FF3729011542}.Debug|iPhone.Deploy.0 = Debug|Any CPU
		{ABB195D1-9588-4DDA-B4D6-FF3729011542}.Debug|iPhoneSimulator.ActiveCfg = Debug|Any CPU
		{ABB195D1-9588-4DDA-B4D6-FF3729011542}.Debug|iPhoneSimulator.Build.0 = Debug|Any CPU
		{ABB195D1-9588-4DDA-B4D6-FF3729011542}.Debug|iPhoneSimulator.Deploy.0 = Debug|Any CPU
		{ABB195D1-9588-4DDA-B4D6-FF3729011542}.Debug|x64.ActiveCfg = Debug|Any CPU
		{ABB195D1-9588-4DDA-B4D6-FF3729011542}.Debug|x64.Build.0 = Debug|Any CPU
		{ABB195D1-9588-4DDA-B4D6-FF3729011542}.Debug|x64.Deploy.0 = Debug|Any CPU
		{ABB195D1-9588-4DDA-B4D6-FF3729011542}.Debug|x86.ActiveCfg = Debug|Any CPU
		{ABB195D1-9588-4DDA-B4D6-FF3729011542}.Debug|x86.Build.0 = Debug|Any CPU
		{ABB195D1-9588-4DDA-B4D6-FF3729011542}.Debug|x86.Deploy.0 = Debug|Any CPU
		{ABB195D1-9588-4DDA-B4D6-FF3729011542}.Release|Any CPU.ActiveCfg = Release|Any CPU
		{ABB195D1-9588-4DDA-B4D6-FF3729011542}.Release|Any CPU.Build.0 = Release|Any CPU
		{ABB195D1-9588-4DDA-B4D6-FF3729011542}.Release|Any CPU.Deploy.0 = Release|Any CPU
		{ABB195D1-9588-4DDA-B4D6-FF3729011542}.Release|ARM.ActiveCfg = Release|Any CPU
		{ABB195D1-9588-4DDA-B4D6-FF3729011542}.Release|ARM.Build.0 = Release|Any CPU
		{ABB195D1-9588-4DDA-B4D6-FF3729011542}.Release|ARM.Deploy.0 = Release|Any CPU
		{ABB195D1-9588-4DDA-B4D6-FF3729011542}.Release|iPhone.ActiveCfg = Release|Any CPU
		{ABB195D1-9588-4DDA-B4D6-FF3729011542}.Release|iPhone.Build.0 = Release|Any CPU
		{ABB195D1-9588-4DDA-B4D6-FF3729011542}.Release|iPhone.Deploy.0 = Release|Any CPU
		{ABB195D1-9588-4DDA-B4D6-FF3729011542}.Release|iPhoneSimulator.ActiveCfg = Release|Any CPU
		{ABB195D1-9588-4DDA-B4D6-FF3729011542}.Release|iPhoneSimulator.Build.0 = Release|Any CPU
		{ABB195D1-9588-4DDA-B4D6-FF3729011542}.Release|iPhoneSimulator.Deploy.0 = Release|Any CPU
		{ABB195D1-9588-4DDA-B4D6-FF3729011542}.Release|x64.ActiveCfg = Release|Any CPU
		{ABB195D1-9588-4DDA-B4D6-FF3729011542}.Release|x64.Build.0 = Release|Any CPU
		{ABB195D1-9588-4DDA-B4D6-FF3729011542}.Release|x64.Deploy.0 = Release|Any CPU
		{ABB195D1-9588-4DDA-B4D6-FF3729011542}.Release|x86.ActiveCfg = Release|Any CPU
		{ABB195D1-9588-4DDA-B4D6-FF3729011542}.Release|x86.Build.0 = Release|Any CPU
		{ABB195D1-9588-4DDA-B4D6-FF3729011542}.Release|x86.Deploy.0 = Release|Any CPU
		{DA544FE3-B3B4-4F6F-AD29-D17F7CFE4E4E}.Ad-Hoc|Any CPU.ActiveCfg = Release|Any CPU
		{DA544FE3-B3B4-4F6F-AD29-D17F7CFE4E4E}.Ad-Hoc|Any CPU.Build.0 = Release|Any CPU
		{DA544FE3-B3B4-4F6F-AD29-D17F7CFE4E4E}.Ad-Hoc|ARM.ActiveCfg = Release|Any CPU
		{DA544FE3-B3B4-4F6F-AD29-D17F7CFE4E4E}.Ad-Hoc|ARM.Build.0 = Release|Any CPU
		{DA544FE3-B3B4-4F6F-AD29-D17F7CFE4E4E}.Ad-Hoc|iPhone.ActiveCfg = Release|Any CPU
		{DA544FE3-B3B4-4F6F-AD29-D17F7CFE4E4E}.Ad-Hoc|iPhone.Build.0 = Release|Any CPU
		{DA544FE3-B3B4-4F6F-AD29-D17F7CFE4E4E}.Ad-Hoc|iPhoneSimulator.ActiveCfg = Release|Any CPU
		{DA544FE3-B3B4-4F6F-AD29-D17F7CFE4E4E}.Ad-Hoc|iPhoneSimulator.Build.0 = Release|Any CPU
		{DA544FE3-B3B4-4F6F-AD29-D17F7CFE4E4E}.Ad-Hoc|x64.ActiveCfg = Release|Any CPU
		{DA544FE3-B3B4-4F6F-AD29-D17F7CFE4E4E}.Ad-Hoc|x64.Build.0 = Release|Any CPU
		{DA544FE3-B3B4-4F6F-AD29-D17F7CFE4E4E}.Ad-Hoc|x86.ActiveCfg = Release|Any CPU
		{DA544FE3-B3B4-4F6F-AD29-D17F7CFE4E4E}.Ad-Hoc|x86.Build.0 = Release|Any CPU
		{DA544FE3-B3B4-4F6F-AD29-D17F7CFE4E4E}.AppStore|Any CPU.ActiveCfg = Release|Any CPU
		{DA544FE3-B3B4-4F6F-AD29-D17F7CFE4E4E}.AppStore|Any CPU.Build.0 = Release|Any CPU
		{DA544FE3-B3B4-4F6F-AD29-D17F7CFE4E4E}.AppStore|ARM.ActiveCfg = Release|Any CPU
		{DA544FE3-B3B4-4F6F-AD29-D17F7CFE4E4E}.AppStore|ARM.Build.0 = Release|Any CPU
		{DA544FE3-B3B4-4F6F-AD29-D17F7CFE4E4E}.AppStore|iPhone.ActiveCfg = Release|Any CPU
		{DA544FE3-B3B4-4F6F-AD29-D17F7CFE4E4E}.AppStore|iPhone.Build.0 = Release|Any CPU
		{DA544FE3-B3B4-4F6F-AD29-D17F7CFE4E4E}.AppStore|iPhoneSimulator.ActiveCfg = Release|Any CPU
		{DA544FE3-B3B4-4F6F-AD29-D17F7CFE4E4E}.AppStore|iPhoneSimulator.Build.0 = Release|Any CPU
		{DA544FE3-B3B4-4F6F-AD29-D17F7CFE4E4E}.AppStore|x64.ActiveCfg = Release|Any CPU
		{DA544FE3-B3B4-4F6F-AD29-D17F7CFE4E4E}.AppStore|x64.Build.0 = Release|Any CPU
		{DA544FE3-B3B4-4F6F-AD29-D17F7CFE4E4E}.AppStore|x86.ActiveCfg = Release|Any CPU
		{DA544FE3-B3B4-4F6F-AD29-D17F7CFE4E4E}.AppStore|x86.Build.0 = Release|Any CPU
		{DA544FE3-B3B4-4F6F-AD29-D17F7CFE4E4E}.Debug|Any CPU.ActiveCfg = Debug|Any CPU
		{DA544FE3-B3B4-4F6F-AD29-D17F7CFE4E4E}.Debug|Any CPU.Build.0 = Debug|Any CPU
		{DA544FE3-B3B4-4F6F-AD29-D17F7CFE4E4E}.Debug|ARM.ActiveCfg = Debug|Any CPU
		{DA544FE3-B3B4-4F6F-AD29-D17F7CFE4E4E}.Debug|ARM.Build.0 = Debug|Any CPU
		{DA544FE3-B3B4-4F6F-AD29-D17F7CFE4E4E}.Debug|iPhone.ActiveCfg = Debug|Any CPU
		{DA544FE3-B3B4-4F6F-AD29-D17F7CFE4E4E}.Debug|iPhone.Build.0 = Debug|Any CPU
		{DA544FE3-B3B4-4F6F-AD29-D17F7CFE4E4E}.Debug|iPhoneSimulator.ActiveCfg = Debug|Any CPU
		{DA544FE3-B3B4-4F6F-AD29-D17F7CFE4E4E}.Debug|iPhoneSimulator.Build.0 = Debug|Any CPU
		{DA544FE3-B3B4-4F6F-AD29-D17F7CFE4E4E}.Debug|x64.ActiveCfg = Debug|Any CPU
		{DA544FE3-B3B4-4F6F-AD29-D17F7CFE4E4E}.Debug|x64.Build.0 = Debug|Any CPU
		{DA544FE3-B3B4-4F6F-AD29-D17F7CFE4E4E}.Debug|x86.ActiveCfg = Debug|Any CPU
		{DA544FE3-B3B4-4F6F-AD29-D17F7CFE4E4E}.Debug|x86.Build.0 = Debug|Any CPU
		{DA544FE3-B3B4-4F6F-AD29-D17F7CFE4E4E}.Release|Any CPU.ActiveCfg = Release|Any CPU
		{DA544FE3-B3B4-4F6F-AD29-D17F7CFE4E4E}.Release|Any CPU.Build.0 = Release|Any CPU
		{DA544FE3-B3B4-4F6F-AD29-D17F7CFE4E4E}.Release|ARM.ActiveCfg = Release|Any CPU
		{DA544FE3-B3B4-4F6F-AD29-D17F7CFE4E4E}.Release|ARM.Build.0 = Release|Any CPU
		{DA544FE3-B3B4-4F6F-AD29-D17F7CFE4E4E}.Release|iPhone.ActiveCfg = Release|Any CPU
		{DA544FE3-B3B4-4F6F-AD29-D17F7CFE4E4E}.Release|iPhone.Build.0 = Release|Any CPU
		{DA544FE3-B3B4-4F6F-AD29-D17F7CFE4E4E}.Release|iPhoneSimulator.ActiveCfg = Release|Any CPU
		{DA544FE3-B3B4-4F6F-AD29-D17F7CFE4E4E}.Release|iPhoneSimulator.Build.0 = Release|Any CPU
		{DA544FE3-B3B4-4F6F-AD29-D17F7CFE4E4E}.Release|x64.ActiveCfg = Release|Any CPU
		{DA544FE3-B3B4-4F6F-AD29-D17F7CFE4E4E}.Release|x64.Build.0 = Release|Any CPU
		{DA544FE3-B3B4-4F6F-AD29-D17F7CFE4E4E}.Release|x86.ActiveCfg = Release|Any CPU
		{DA544FE3-B3B4-4F6F-AD29-D17F7CFE4E4E}.Release|x86.Build.0 = Release|Any CPU
		{8ACD172B-C7C9-44DB-BF5E-F43C578FCB5B}.Ad-Hoc|Any CPU.ActiveCfg = Release|x86
		{8ACD172B-C7C9-44DB-BF5E-F43C578FCB5B}.Ad-Hoc|Any CPU.Build.0 = Release|x86
		{8ACD172B-C7C9-44DB-BF5E-F43C578FCB5B}.Ad-Hoc|Any CPU.Deploy.0 = Release|x86
		{8ACD172B-C7C9-44DB-BF5E-F43C578FCB5B}.Ad-Hoc|ARM.ActiveCfg = Release|ARM
		{8ACD172B-C7C9-44DB-BF5E-F43C578FCB5B}.Ad-Hoc|ARM.Build.0 = Release|ARM
		{8ACD172B-C7C9-44DB-BF5E-F43C578FCB5B}.Ad-Hoc|ARM.Deploy.0 = Release|ARM
		{8ACD172B-C7C9-44DB-BF5E-F43C578FCB5B}.Ad-Hoc|iPhone.ActiveCfg = Release|x86
		{8ACD172B-C7C9-44DB-BF5E-F43C578FCB5B}.Ad-Hoc|iPhone.Build.0 = Release|x86
		{8ACD172B-C7C9-44DB-BF5E-F43C578FCB5B}.Ad-Hoc|iPhone.Deploy.0 = Release|x86
		{8ACD172B-C7C9-44DB-BF5E-F43C578FCB5B}.Ad-Hoc|iPhoneSimulator.ActiveCfg = Release|x86
		{8ACD172B-C7C9-44DB-BF5E-F43C578FCB5B}.Ad-Hoc|iPhoneSimulator.Build.0 = Release|x86
		{8ACD172B-C7C9-44DB-BF5E-F43C578FCB5B}.Ad-Hoc|iPhoneSimulator.Deploy.0 = Release|x86
		{8ACD172B-C7C9-44DB-BF5E-F43C578FCB5B}.Ad-Hoc|x64.ActiveCfg = Release|x64
		{8ACD172B-C7C9-44DB-BF5E-F43C578FCB5B}.Ad-Hoc|x64.Build.0 = Release|x64
		{8ACD172B-C7C9-44DB-BF5E-F43C578FCB5B}.Ad-Hoc|x64.Deploy.0 = Release|x64
		{8ACD172B-C7C9-44DB-BF5E-F43C578FCB5B}.Ad-Hoc|x86.ActiveCfg = Release|x86
		{8ACD172B-C7C9-44DB-BF5E-F43C578FCB5B}.Ad-Hoc|x86.Build.0 = Release|x86
		{8ACD172B-C7C9-44DB-BF5E-F43C578FCB5B}.Ad-Hoc|x86.Deploy.0 = Release|x86
		{8ACD172B-C7C9-44DB-BF5E-F43C578FCB5B}.AppStore|Any CPU.ActiveCfg = Release|x86
		{8ACD172B-C7C9-44DB-BF5E-F43C578FCB5B}.AppStore|Any CPU.Build.0 = Release|x86
		{8ACD172B-C7C9-44DB-BF5E-F43C578FCB5B}.AppStore|Any CPU.Deploy.0 = Release|x86
		{8ACD172B-C7C9-44DB-BF5E-F43C578FCB5B}.AppStore|ARM.ActiveCfg = Release|ARM
		{8ACD172B-C7C9-44DB-BF5E-F43C578FCB5B}.AppStore|ARM.Build.0 = Release|ARM
		{8ACD172B-C7C9-44DB-BF5E-F43C578FCB5B}.AppStore|ARM.Deploy.0 = Release|ARM
		{8ACD172B-C7C9-44DB-BF5E-F43C578FCB5B}.AppStore|iPhone.ActiveCfg = Release|x86
		{8ACD172B-C7C9-44DB-BF5E-F43C578FCB5B}.AppStore|iPhone.Build.0 = Release|x86
		{8ACD172B-C7C9-44DB-BF5E-F43C578FCB5B}.AppStore|iPhone.Deploy.0 = Release|x86
		{8ACD172B-C7C9-44DB-BF5E-F43C578FCB5B}.AppStore|iPhoneSimulator.ActiveCfg = Release|x86
		{8ACD172B-C7C9-44DB-BF5E-F43C578FCB5B}.AppStore|iPhoneSimulator.Build.0 = Release|x86
		{8ACD172B-C7C9-44DB-BF5E-F43C578FCB5B}.AppStore|iPhoneSimulator.Deploy.0 = Release|x86
		{8ACD172B-C7C9-44DB-BF5E-F43C578FCB5B}.AppStore|x64.ActiveCfg = Release|x64
		{8ACD172B-C7C9-44DB-BF5E-F43C578FCB5B}.AppStore|x64.Build.0 = Release|x64
		{8ACD172B-C7C9-44DB-BF5E-F43C578FCB5B}.AppStore|x64.Deploy.0 = Release|x64
		{8ACD172B-C7C9-44DB-BF5E-F43C578FCB5B}.AppStore|x86.ActiveCfg = Release|x86
		{8ACD172B-C7C9-44DB-BF5E-F43C578FCB5B}.AppStore|x86.Build.0 = Release|x86
		{8ACD172B-C7C9-44DB-BF5E-F43C578FCB5B}.AppStore|x86.Deploy.0 = Release|x86
		{8ACD172B-C7C9-44DB-BF5E-F43C578FCB5B}.Debug|Any CPU.ActiveCfg = Debug|x86
		{8ACD172B-C7C9-44DB-BF5E-F43C578FCB5B}.Debug|ARM.ActiveCfg = Debug|ARM
		{8ACD172B-C7C9-44DB-BF5E-F43C578FCB5B}.Debug|ARM.Build.0 = Debug|ARM
		{8ACD172B-C7C9-44DB-BF5E-F43C578FCB5B}.Debug|ARM.Deploy.0 = Debug|ARM
		{8ACD172B-C7C9-44DB-BF5E-F43C578FCB5B}.Debug|iPhone.ActiveCfg = Debug|x86
		{8ACD172B-C7C9-44DB-BF5E-F43C578FCB5B}.Debug|iPhoneSimulator.ActiveCfg = Debug|x86
		{8ACD172B-C7C9-44DB-BF5E-F43C578FCB5B}.Debug|x64.ActiveCfg = Debug|x64
		{8ACD172B-C7C9-44DB-BF5E-F43C578FCB5B}.Debug|x64.Build.0 = Debug|x64
		{8ACD172B-C7C9-44DB-BF5E-F43C578FCB5B}.Debug|x64.Deploy.0 = Debug|x64
		{8ACD172B-C7C9-44DB-BF5E-F43C578FCB5B}.Debug|x86.ActiveCfg = Debug|x86
		{8ACD172B-C7C9-44DB-BF5E-F43C578FCB5B}.Debug|x86.Build.0 = Debug|x86
		{8ACD172B-C7C9-44DB-BF5E-F43C578FCB5B}.Debug|x86.Deploy.0 = Debug|x86
		{8ACD172B-C7C9-44DB-BF5E-F43C578FCB5B}.Release|Any CPU.ActiveCfg = Release|x86
		{8ACD172B-C7C9-44DB-BF5E-F43C578FCB5B}.Release|ARM.ActiveCfg = Release|ARM
		{8ACD172B-C7C9-44DB-BF5E-F43C578FCB5B}.Release|ARM.Build.0 = Release|ARM
		{8ACD172B-C7C9-44DB-BF5E-F43C578FCB5B}.Release|ARM.Deploy.0 = Release|ARM
		{8ACD172B-C7C9-44DB-BF5E-F43C578FCB5B}.Release|iPhone.ActiveCfg = Release|x86
		{8ACD172B-C7C9-44DB-BF5E-F43C578FCB5B}.Release|iPhoneSimulator.ActiveCfg = Release|x86
		{8ACD172B-C7C9-44DB-BF5E-F43C578FCB5B}.Release|x64.ActiveCfg = Release|x64
		{8ACD172B-C7C9-44DB-BF5E-F43C578FCB5B}.Release|x64.Build.0 = Release|x64
		{8ACD172B-C7C9-44DB-BF5E-F43C578FCB5B}.Release|x64.Deploy.0 = Release|x64
		{8ACD172B-C7C9-44DB-BF5E-F43C578FCB5B}.Release|x86.ActiveCfg = Release|x86
		{8ACD172B-C7C9-44DB-BF5E-F43C578FCB5B}.Release|x86.Build.0 = Release|x86
		{8ACD172B-C7C9-44DB-BF5E-F43C578FCB5B}.Release|x86.Deploy.0 = Release|x86
		{F5197087-1DB5-4751-A6A7-2750041B4FE7}.Ad-Hoc|Any CPU.ActiveCfg = Ad-Hoc|iPhone
		{F5197087-1DB5-4751-A6A7-2750041B4FE7}.Ad-Hoc|ARM.ActiveCfg = Ad-Hoc|iPhone
		{F5197087-1DB5-4751-A6A7-2750041B4FE7}.Ad-Hoc|iPhone.ActiveCfg = Ad-Hoc|iPhone
		{F5197087-1DB5-4751-A6A7-2750041B4FE7}.Ad-Hoc|iPhone.Build.0 = Ad-Hoc|iPhone
		{F5197087-1DB5-4751-A6A7-2750041B4FE7}.Ad-Hoc|iPhoneSimulator.ActiveCfg = Ad-Hoc|iPhoneSimulator
		{F5197087-1DB5-4751-A6A7-2750041B4FE7}.Ad-Hoc|iPhoneSimulator.Build.0 = Ad-Hoc|iPhoneSimulator
		{F5197087-1DB5-4751-A6A7-2750041B4FE7}.Ad-Hoc|x64.ActiveCfg = Ad-Hoc|iPhone
		{F5197087-1DB5-4751-A6A7-2750041B4FE7}.Ad-Hoc|x86.ActiveCfg = Ad-Hoc|iPhone
		{F5197087-1DB5-4751-A6A7-2750041B4FE7}.AppStore|Any CPU.ActiveCfg = AppStore|iPhone
		{F5197087-1DB5-4751-A6A7-2750041B4FE7}.AppStore|ARM.ActiveCfg = AppStore|iPhone
		{F5197087-1DB5-4751-A6A7-2750041B4FE7}.AppStore|iPhone.ActiveCfg = AppStore|iPhone
		{F5197087-1DB5-4751-A6A7-2750041B4FE7}.AppStore|iPhone.Build.0 = AppStore|iPhone
		{F5197087-1DB5-4751-A6A7-2750041B4FE7}.AppStore|iPhoneSimulator.ActiveCfg = AppStore|iPhoneSimulator
		{F5197087-1DB5-4751-A6A7-2750041B4FE7}.AppStore|iPhoneSimulator.Build.0 = AppStore|iPhoneSimulator
		{F5197087-1DB5-4751-A6A7-2750041B4FE7}.AppStore|x64.ActiveCfg = AppStore|iPhone
		{F5197087-1DB5-4751-A6A7-2750041B4FE7}.AppStore|x86.ActiveCfg = AppStore|iPhone
		{F5197087-1DB5-4751-A6A7-2750041B4FE7}.Debug|Any CPU.ActiveCfg = Debug|iPhone
		{F5197087-1DB5-4751-A6A7-2750041B4FE7}.Debug|ARM.ActiveCfg = Debug|iPhone
		{F5197087-1DB5-4751-A6A7-2750041B4FE7}.Debug|iPhone.ActiveCfg = Debug|iPhone
		{F5197087-1DB5-4751-A6A7-2750041B4FE7}.Debug|iPhone.Build.0 = Debug|iPhone
		{F5197087-1DB5-4751-A6A7-2750041B4FE7}.Debug|iPhoneSimulator.ActiveCfg = Debug|iPhoneSimulator
		{F5197087-1DB5-4751-A6A7-2750041B4FE7}.Debug|iPhoneSimulator.Build.0 = Debug|iPhoneSimulator
		{F5197087-1DB5-4751-A6A7-2750041B4FE7}.Debug|x64.ActiveCfg = Debug|iPhone
		{F5197087-1DB5-4751-A6A7-2750041B4FE7}.Debug|x86.ActiveCfg = Debug|iPhone
		{F5197087-1DB5-4751-A6A7-2750041B4FE7}.Release|Any CPU.ActiveCfg = Release|iPhone
		{F5197087-1DB5-4751-A6A7-2750041B4FE7}.Release|ARM.ActiveCfg = Release|iPhone
		{F5197087-1DB5-4751-A6A7-2750041B4FE7}.Release|iPhone.ActiveCfg = Release|iPhone
		{F5197087-1DB5-4751-A6A7-2750041B4FE7}.Release|iPhone.Build.0 = Release|iPhone
		{F5197087-1DB5-4751-A6A7-2750041B4FE7}.Release|iPhoneSimulator.ActiveCfg = Release|iPhoneSimulator
		{F5197087-1DB5-4751-A6A7-2750041B4FE7}.Release|iPhoneSimulator.Build.0 = Release|iPhoneSimulator
		{F5197087-1DB5-4751-A6A7-2750041B4FE7}.Release|x64.ActiveCfg = Release|iPhone
		{F5197087-1DB5-4751-A6A7-2750041B4FE7}.Release|x86.ActiveCfg = Release|iPhone
	EndGlobalSection
	GlobalSection(SolutionProperties) = preSolution
		HideSolutionNode = FALSE
	EndGlobalSection
	GlobalSection(ExtensibilityGlobals) = postSolution
		SolutionGuid = {52929896-A16B-4CD7-98F3-A27E0B68C153}
	EndGlobalSection
EndGlobal
